
Microsoft Visual Studio Solution File, Format Version 12.00
# Visual Studio Version 17
VisualStudioVersion = 17.4.33213.308
MinimumVisualStudioVersion = 10.0.40219.1
Project("{FAE04EC0-301F-11D3-BF4B-00C04F79EFBC}") = "ZapisDoSouboru", "ZapisDoSouboru.csproj", "{A84E9DC7-0771-455F-9E8D-4FE5C2499863}"
EndProject
Global
	GlobalSection(SolutionConfigurationPlatforms) = preSolution
		Debug|Any CPU = Debug|Any CPU
		Release|Any CPU = Release|Any CPU
	EndGlobalSection
	GlobalSection(ProjectConfigurationPlatforms) = postSolution
		{A84E9DC7-0771-455F-9E8D-4FE5C2499863}.Debug|Any CPU.ActiveCfg = Debug|Any CPU
		{A84E9DC7-0771-455F-9E8D-4FE5C2499863}.Debug|Any CPU.Build.0 = Debug|Any CPU
		{A84E9DC7-0771-455F-9E8D-4FE5C2499863}.Release|Any CPU.ActiveCfg = Release|Any CPU
		{A84E9DC7-0771-455F-9E8D-4FE5C2499863}.Release|Any CPU.Build.0 = Release|Any CPU
	EndGlobalSection
	GlobalSection(SolutionProperties) = preSolution
		HideSolutionNode = FALSE
	EndGlobalSection
	GlobalSection(ExtensibilityGlobals) = postSolution
		SolutionGuid = {1AB01752-971A-42FE-8713-E3591588333F}
	EndGlobalSection
EndGlobal
